
Microsoft Visual Studio Solution File, Format Version 12.00
# Visual Studio 15
VisualStudioVersion = 15.0.27703.2000
MinimumVisualStudioVersion = 10.0.40219.1
Project("{FAE04EC0-301F-11D3-BF4B-00C04F79EFBC}") = "SudokuGameApp", "WindowsFormsApplication1кп20\SudokuGameApp.csproj", "{44758858-93CC-4E9D-A489-7060B5289CAA}"
EndProject
Global
	GlobalSection(SolutionConfigurationPlatforms) = preSolution
		Debug|x86 = Debug|x86
		Release|x86 = Release|x86
	EndGlobalSection
	GlobalSection(ProjectConfigurationPlatforms) = postSolution
		{44758858-93CC-4E9D-A489-7060B5289CAA}.Debug|x86.ActiveCfg = Debug|x86
		{44758858-93CC-4E9D-A489-7060B5289CAA}.Debug|x86.Build.0 = Debug|x86
		{44758858-93CC-4E9D-A489-7060B5289CAA}.Release|x86.ActiveCfg = Release|x86
		{44758858-93CC-4E9D-A489-7060B5289CAA}.Release|x86.Build.0 = Release|x86
	EndGlobalSection
	GlobalSection(SolutionProperties) = preSolution
		HideSolutionNode = FALSE
	EndGlobalSection
	GlobalSection(ExtensibilityGlobals) = postSolution
		SolutionGuid = {3C2C20CE-E475-46FE-9080-F276D67893D5}
	EndGlobalSection
EndGlobal
